// !$*UTF8*$!
{
	archiveVersion = 1;
	classes = {
	};
	objectVersion = 56;
	objects = {

/* Begin PBXBuildFile section */
		B209E60B2BBEBCE50067D751 /* Inter-Black.ttf in Resources */ = {isa = PBXBuildFile; fileRef = B209E60A2BBEBCE50067D751 /* Inter-Black.ttf */; };
		B209E60D2BBEBCF00067D751 /* Inter-Bold.ttf in Resources */ = {isa = PBXBuildFile; fileRef = B209E60C2BBEBCF00067D751 /* Inter-Bold.ttf */; };
		B209E60F2BBEBD050067D751 /* Inter-Light.ttf in Resources */ = {isa = PBXBuildFile; fileRef = B209E60E2BBEBD050067D751 /* Inter-Light.ttf */; };
		B209E6112BBEBD100067D751 /* Inter-Medium.ttf in Resources */ = {isa = PBXBuildFile; fileRef = B209E6102BBEBD100067D751 /* Inter-Medium.ttf */; };
		B209E6142BBFD6DA0067D751 /* FireStoreService.swift in Sources */ = {isa = PBXBuildFile; fileRef = B209E6132BBFD6DA0067D751 /* FireStoreService.swift */; };
		B209E6192BC138790067D751 /* FeedPresenter.swift in Sources */ = {isa = PBXBuildFile; fileRef = B209E6182BC138790067D751 /* FeedPresenter.swift */; };
		B209E61B2BC139000067D751 /* FeedViewController.swift in Sources */ = {isa = PBXBuildFile; fileRef = B209E61A2BC139000067D751 /* FeedViewController.swift */; };
		B209E61F2BC3FC290067D751 /* ProfileViewController.swift in Sources */ = {isa = PBXBuildFile; fileRef = B209E61E2BC3FC280067D751 /* ProfileViewController.swift */; };
		B209E6212BC3FC320067D751 /* ProfilePresenter.swift in Sources */ = {isa = PBXBuildFile; fileRef = B209E6202BC3FC320067D751 /* ProfilePresenter.swift */; };
		B209E6252BC3FD450067D751 /* FavouritesViewController.swift in Sources */ = {isa = PBXBuildFile; fileRef = B209E6242BC3FD450067D751 /* FavouritesViewController.swift */; };
		B209E6272BC3FD5B0067D751 /* FavouritesPresenter.swift in Sources */ = {isa = PBXBuildFile; fileRef = B209E6262BC3FD5B0067D751 /* FavouritesPresenter.swift */; };
		B209E62B2BC3FDDB0067D751 /* SettingsViewController.swift in Sources */ = {isa = PBXBuildFile; fileRef = B209E62A2BC3FDDB0067D751 /* SettingsViewController.swift */; };
		B209E62E2BC3FDEC0067D751 /* SettingPresenter.swift in Sources */ = {isa = PBXBuildFile; fileRef = B209E62D2BC3FDEC0067D751 /* SettingPresenter.swift */; };
		B209E6312BC3FEB10067D751 /* ProfileChangeViewController.swift in Sources */ = {isa = PBXBuildFile; fileRef = B209E6302BC3FEB10067D751 /* ProfileChangeViewController.swift */; };
		B209E6332BC3FEBE0067D751 /* ProfileChangePresenter.swift in Sources */ = {isa = PBXBuildFile; fileRef = B209E6322BC3FEBE0067D751 /* ProfileChangePresenter.swift */; };
		B209E6362BC430FC0067D751 /* FeedCollectionVIewCell.swift in Sources */ = {isa = PBXBuildFile; fileRef = B209E6352BC430FC0067D751 /* FeedCollectionVIewCell.swift */; };
		B209E6382BC431080067D751 /* FeedTableViewCell.swift in Sources */ = {isa = PBXBuildFile; fileRef = B209E6372BC431080067D751 /* FeedTableViewCell.swift */; };
		B209E63B2BC560770067D751 /* UserModel.xcdatamodeld in Sources */ = {isa = PBXBuildFile; fileRef = B209E6392BC560770067D751 /* UserModel.xcdatamodeld */; };
		B209E63E2BC5626C0067D751 /* UserCoreDataModelService.swift in Sources */ = {isa = PBXBuildFile; fileRef = B209E63D2BC5626C0067D751 /* UserCoreDataModelService.swift */; };
		B209E6412BC5628C0067D751 /* CoreDataService.swift in Sources */ = {isa = PBXBuildFile; fileRef = B209E6402BC5628C0067D751 /* CoreDataService.swift */; };
		B209E6432BC565340067D751 /* PostCoreDataModelService.swift in Sources */ = {isa = PBXBuildFile; fileRef = B209E6422BC565340067D751 /* PostCoreDataModelService.swift */; };
		B209E6452BC566D90067D751 /* EachPostCoreDataModelService.swift in Sources */ = {isa = PBXBuildFile; fileRef = B209E6442BC566D90067D751 /* EachPostCoreDataModelService.swift */; };
		B209E64A2BC7C8D70067D751 /* AddProfilePresenter.swift in Sources */ = {isa = PBXBuildFile; fileRef = B209E6492BC7C8D70067D751 /* AddProfilePresenter.swift */; };
		B209E64C2BC7C8DE0067D751 /* AddProfileVc.swift in Sources */ = {isa = PBXBuildFile; fileRef = B209E64B2BC7C8DE0067D751 /* AddProfileVc.swift */; };
		B209E64F2BC95E850067D751 /* SignInPresenter.swift in Sources */ = {isa = PBXBuildFile; fileRef = B209E64E2BC95E850067D751 /* SignInPresenter.swift */; };
		B209E6512BC95E930067D751 /* SignInViewController.swift in Sources */ = {isa = PBXBuildFile; fileRef = B209E6502BC95E930067D751 /* SignInViewController.swift */; };
		B211C1E82BBB3C2900C073EE /* AppDelegate.swift in Sources */ = {isa = PBXBuildFile; fileRef = B211C1E72BBB3C2900C073EE /* AppDelegate.swift */; };
		B211C1EA2BBB3C2900C073EE /* SceneDelegate.swift in Sources */ = {isa = PBXBuildFile; fileRef = B211C1E92BBB3C2900C073EE /* SceneDelegate.swift */; };
		B211C1EC2BBB3C2900C073EE /* OnBoardingVC.swift in Sources */ = {isa = PBXBuildFile; fileRef = B211C1EB2BBB3C2900C073EE /* OnBoardingVC.swift */; };
		B211C1F22BBB3C2900C073EE /* Snapp.xcdatamodeld in Sources */ = {isa = PBXBuildFile; fileRef = B211C1F02BBB3C2900C073EE /* Snapp.xcdatamodeld */; };
		B211C1F42BBB3C2A00C073EE /* Assets.xcassets in Resources */ = {isa = PBXBuildFile; fileRef = B211C1F32BBB3C2A00C073EE /* Assets.xcassets */; };
		B211C1F72BBB3C2A00C073EE /* Base in Resources */ = {isa = PBXBuildFile; fileRef = B211C1F62BBB3C2A00C073EE /* Base */; };
		B211C2022BBB3C2A00C073EE /* SnappTests.swift in Sources */ = {isa = PBXBuildFile; fileRef = B211C2012BBB3C2A00C073EE /* SnappTests.swift */; };
		B211C20C2BBB3C2A00C073EE /* SnappUITests.swift in Sources */ = {isa = PBXBuildFile; fileRef = B211C20B2BBB3C2A00C073EE /* SnappUITests.swift */; };
		B211C20E2BBB3C2A00C073EE /* SnappUITestsLaunchTests.swift in Sources */ = {isa = PBXBuildFile; fileRef = B211C20D2BBB3C2A00C073EE /* SnappUITestsLaunchTests.swift */; };
		B211C21E2BBBEACA00C073EE /* OnBoardingPresenter.swift in Sources */ = {isa = PBXBuildFile; fileRef = B211C21D2BBBEACA00C073EE /* OnBoardingPresenter.swift */; };
		B211C2262BBC0F3000C073EE /* FirebaseAnalytics in Frameworks */ = {isa = PBXBuildFile; productRef = B211C2252BBC0F3000C073EE /* FirebaseAnalytics */; };
		B211C2282BBC0F3000C073EE /* FirebaseAnalyticsOnDeviceConversion in Frameworks */ = {isa = PBXBuildFile; productRef = B211C2272BBC0F3000C073EE /* FirebaseAnalyticsOnDeviceConversion */; };
		B211C22A2BBC0F3000C073EE /* FirebaseAnalyticsSwift in Frameworks */ = {isa = PBXBuildFile; productRef = B211C2292BBC0F3000C073EE /* FirebaseAnalyticsSwift */; };
		B211C22C2BBC0F3000C073EE /* FirebaseAnalyticsWithoutAdIdSupport in Frameworks */ = {isa = PBXBuildFile; productRef = B211C22B2BBC0F3000C073EE /* FirebaseAnalyticsWithoutAdIdSupport */; };
		B211C22E2BBC0F3000C073EE /* FirebaseAppCheck in Frameworks */ = {isa = PBXBuildFile; productRef = B211C22D2BBC0F3000C073EE /* FirebaseAppCheck */; };
		B211C2302BBC0F3000C073EE /* FirebaseAppDistribution-Beta in Frameworks */ = {isa = PBXBuildFile; productRef = B211C22F2BBC0F3000C073EE /* FirebaseAppDistribution-Beta */; };
		B211C2322BBC0F3000C073EE /* FirebaseAuth in Frameworks */ = {isa = PBXBuildFile; productRef = B211C2312BBC0F3000C073EE /* FirebaseAuth */; };
		B211C2342BBC0F3000C073EE /* FirebaseAuthCombine-Community in Frameworks */ = {isa = PBXBuildFile; productRef = B211C2332BBC0F3000C073EE /* FirebaseAuthCombine-Community */; };
		B211C2362BBC0F3000C073EE /* FirebaseCrashlytics in Frameworks */ = {isa = PBXBuildFile; productRef = B211C2352BBC0F3000C073EE /* FirebaseCrashlytics */; };
		B211C2382BBC0F3000C073EE /* FirebaseDatabase in Frameworks */ = {isa = PBXBuildFile; productRef = B211C2372BBC0F3000C073EE /* FirebaseDatabase */; };
		B211C23A2BBC0F3000C073EE /* FirebaseDatabaseSwift in Frameworks */ = {isa = PBXBuildFile; productRef = B211C2392BBC0F3000C073EE /* FirebaseDatabaseSwift */; };
		B211C23C2BBC0F3000C073EE /* FirebaseDynamicLinks in Frameworks */ = {isa = PBXBuildFile; productRef = B211C23B2BBC0F3000C073EE /* FirebaseDynamicLinks */; };
		B211C23E2BBC0F3000C073EE /* FirebaseFirestore in Frameworks */ = {isa = PBXBuildFile; productRef = B211C23D2BBC0F3000C073EE /* FirebaseFirestore */; };
		B211C2402BBC0F3000C073EE /* FirebaseFirestoreCombine-Community in Frameworks */ = {isa = PBXBuildFile; productRef = B211C23F2BBC0F3000C073EE /* FirebaseFirestoreCombine-Community */; };
		B211C2422BBC0F3000C073EE /* FirebaseFirestoreSwift in Frameworks */ = {isa = PBXBuildFile; productRef = B211C2412BBC0F3000C073EE /* FirebaseFirestoreSwift */; };
		B211C2442BBC0F3000C073EE /* FirebaseFunctions in Frameworks */ = {isa = PBXBuildFile; productRef = B211C2432BBC0F3000C073EE /* FirebaseFunctions */; };
		B211C2462BBC0F3000C073EE /* FirebaseFunctionsCombine-Community in Frameworks */ = {isa = PBXBuildFile; productRef = B211C2452BBC0F3000C073EE /* FirebaseFunctionsCombine-Community */; };
		B211C2482BBC0F3000C073EE /* FirebaseInAppMessaging-Beta in Frameworks */ = {isa = PBXBuildFile; productRef = B211C2472BBC0F3000C073EE /* FirebaseInAppMessaging-Beta */; };
		B211C24A2BBC0F3000C073EE /* FirebaseInAppMessagingSwift-Beta in Frameworks */ = {isa = PBXBuildFile; productRef = B211C2492BBC0F3000C073EE /* FirebaseInAppMessagingSwift-Beta */; };
		B211C24C2BBC0F3000C073EE /* FirebaseInstallations in Frameworks */ = {isa = PBXBuildFile; productRef = B211C24B2BBC0F3000C073EE /* FirebaseInstallations */; };
		B211C24E2BBC0F3000C073EE /* FirebaseMLModelDownloader in Frameworks */ = {isa = PBXBuildFile; productRef = B211C24D2BBC0F3000C073EE /* FirebaseMLModelDownloader */; };
		B211C2502BBC0F3000C073EE /* FirebaseMessaging in Frameworks */ = {isa = PBXBuildFile; productRef = B211C24F2BBC0F3000C073EE /* FirebaseMessaging */; };
		B211C2522BBC0F3000C073EE /* FirebasePerformance in Frameworks */ = {isa = PBXBuildFile; productRef = B211C2512BBC0F3000C073EE /* FirebasePerformance */; };
		B211C2542BBC0F3000C073EE /* FirebaseRemoteConfig in Frameworks */ = {isa = PBXBuildFile; productRef = B211C2532BBC0F3000C073EE /* FirebaseRemoteConfig */; };
		B211C2562BBC0F3000C073EE /* FirebaseRemoteConfigSwift in Frameworks */ = {isa = PBXBuildFile; productRef = B211C2552BBC0F3000C073EE /* FirebaseRemoteConfigSwift */; };
		B211C2582BBC0F3000C073EE /* FirebaseStorage in Frameworks */ = {isa = PBXBuildFile; productRef = B211C2572BBC0F3000C073EE /* FirebaseStorage */; };
		B211C25A2BBC0F3000C073EE /* FirebaseStorageCombine-Community in Frameworks */ = {isa = PBXBuildFile; productRef = B211C2592BBC0F3000C073EE /* FirebaseStorageCombine-Community */; };
		B211C25F2BBC178F00C073EE /* Localizable.xcstrings in Resources */ = {isa = PBXBuildFile; fileRef = B211C25E2BBC178F00C073EE /* Localizable.xcstrings */; };
		B211C2642BBC17B900C073EE /* Extension+String.swift in Sources */ = {isa = PBXBuildFile; fileRef = B211C2632BBC17B900C073EE /* Extension+String.swift */; };
		B211C2672BBC2EF700C073EE /* SecondOnboardingVC.swift in Sources */ = {isa = PBXBuildFile; fileRef = B211C2662BBC2EF700C073EE /* SecondOnboardingVC.swift */; };
		B211C2692BBC2F0200C073EE /* SecondOnboardingPresenter.swift in Sources */ = {isa = PBXBuildFile; fileRef = B211C2682BBC2F0200C073EE /* SecondOnboardingPresenter.swift */; };
		B211C26C2BBC404C00C073EE /* ThirdOnboardingViewController.swift in Sources */ = {isa = PBXBuildFile; fileRef = B211C26B2BBC404C00C073EE /* ThirdOnboardingViewController.swift */; };
		B211C26E2BBC405A00C073EE /* ThirdOnboardingPresenter.swift in Sources */ = {isa = PBXBuildFile; fileRef = B211C26D2BBC405900C073EE /* ThirdOnboardingPresenter.swift */; };
		B211C2712BBC4C1700C073EE /* StringFormatter.swift in Sources */ = {isa = PBXBuildFile; fileRef = B211C2702BBC4C1700C073EE /* StringFormatter.swift */; };
		B211C2742BBC6A1000C073EE /* LoginScreenViewController.swift in Sources */ = {isa = PBXBuildFile; fileRef = B211C2732BBC6A1000C073EE /* LoginScreenViewController.swift */; };
		B211C2762BBC6A1D00C073EE /* LoginScreenPresenter.swift in Sources */ = {isa = PBXBuildFile; fileRef = B211C2752BBC6A1D00C073EE /* LoginScreenPresenter.swift */; };
		B211C27D2BBD321C00C073EE /* Validator.swift in Sources */ = {isa = PBXBuildFile; fileRef = B211C27C2BBD321C00C073EE /* Validator.swift */; };
		B211C2802BBD3B2F00C073EE /* Extension+UIColor.swift in Sources */ = {isa = PBXBuildFile; fileRef = B211C27F2BBD3B2F00C073EE /* Extension+UIColor.swift */; };
		B211C2832BBD48EA00C073EE /* FireBaseAuthService.swift in Sources */ = {isa = PBXBuildFile; fileRef = B211C2822BBD48EA00C073EE /* FireBaseAuthService.swift */; };
		B211C2872BBD494200C073EE /* FirebaseUser.swift in Sources */ = {isa = PBXBuildFile; fileRef = B211C2862BBD494200C073EE /* FirebaseUser.swift */; };
		B211C2892BBD558000C073EE /* GoogleService-Info.plist in Resources */ = {isa = PBXBuildFile; fileRef = B211C2882BBD558000C073EE /* GoogleService-Info.plist */; };
/* End PBXBuildFile section */

/* Begin PBXContainerItemProxy section */
		B211C1FE2BBB3C2A00C073EE /* PBXContainerItemProxy */ = {
			isa = PBXContainerItemProxy;
			containerPortal = B211C1DC2BBB3C2900C073EE /* Project object */;
			proxyType = 1;
			remoteGlobalIDString = B211C1E32BBB3C2900C073EE;
			remoteInfo = Snapp;
		};
		B211C2082BBB3C2A00C073EE /* PBXContainerItemProxy */ = {
			isa = PBXContainerItemProxy;
			containerPortal = B211C1DC2BBB3C2900C073EE /* Project object */;
			proxyType = 1;
			remoteGlobalIDString = B211C1E32BBB3C2900C073EE;
			remoteInfo = Snapp;
		};
/* End PBXContainerItemProxy section */

/* Begin PBXFileReference section */
		B209E60A2BBEBCE50067D751 /* Inter-Black.ttf */ = {isa = PBXFileReference; lastKnownFileType = file; path = "Inter-Black.ttf"; sourceTree = "<group>"; };
		B209E60C2BBEBCF00067D751 /* Inter-Bold.ttf */ = {isa = PBXFileReference; lastKnownFileType = file; path = "Inter-Bold.ttf"; sourceTree = "<group>"; };
		B209E60E2BBEBD050067D751 /* Inter-Light.ttf */ = {isa = PBXFileReference; lastKnownFileType = file; path = "Inter-Light.ttf"; sourceTree = "<group>"; };
		B209E6102BBEBD100067D751 /* Inter-Medium.ttf */ = {isa = PBXFileReference; lastKnownFileType = file; path = "Inter-Medium.ttf"; sourceTree = "<group>"; };
		B209E6132BBFD6DA0067D751 /* FireStoreService.swift */ = {isa = PBXFileReference; lastKnownFileType = sourcecode.swift; path = FireStoreService.swift; sourceTree = "<group>"; };
		B209E6182BC138790067D751 /* FeedPresenter.swift */ = {isa = PBXFileReference; lastKnownFileType = sourcecode.swift; path = FeedPresenter.swift; sourceTree = "<group>"; };
		B209E61A2BC139000067D751 /* FeedViewController.swift */ = {isa = PBXFileReference; lastKnownFileType = sourcecode.swift; path = FeedViewController.swift; sourceTree = "<group>"; };
		B209E61E2BC3FC280067D751 /* ProfileViewController.swift */ = {isa = PBXFileReference; lastKnownFileType = sourcecode.swift; path = ProfileViewController.swift; sourceTree = "<group>"; };
		B209E6202BC3FC320067D751 /* ProfilePresenter.swift */ = {isa = PBXFileReference; lastKnownFileType = sourcecode.swift; path = ProfilePresenter.swift; sourceTree = "<group>"; };
		B209E6242BC3FD450067D751 /* FavouritesViewController.swift */ = {isa = PBXFileReference; lastKnownFileType = sourcecode.swift; path = FavouritesViewController.swift; sourceTree = "<group>"; };
		B209E6262BC3FD5B0067D751 /* FavouritesPresenter.swift */ = {isa = PBXFileReference; lastKnownFileType = sourcecode.swift; path = FavouritesPresenter.swift; sourceTree = "<group>"; };
		B209E62A2BC3FDDB0067D751 /* SettingsViewController.swift */ = {isa = PBXFileReference; lastKnownFileType = sourcecode.swift; path = SettingsViewController.swift; sourceTree = "<group>"; };
		B209E62D2BC3FDEC0067D751 /* SettingPresenter.swift */ = {isa = PBXFileReference; lastKnownFileType = sourcecode.swift; path = SettingPresenter.swift; sourceTree = "<group>"; };
		B209E6302BC3FEB10067D751 /* ProfileChangeViewController.swift */ = {isa = PBXFileReference; lastKnownFileType = sourcecode.swift; path = ProfileChangeViewController.swift; sourceTree = "<group>"; };
		B209E6322BC3FEBE0067D751 /* ProfileChangePresenter.swift */ = {isa = PBXFileReference; lastKnownFileType = sourcecode.swift; path = ProfileChangePresenter.swift; sourceTree = "<group>"; };
		B209E6352BC430FC0067D751 /* FeedCollectionVIewCell.swift */ = {isa = PBXFileReference; lastKnownFileType = sourcecode.swift; path = FeedCollectionVIewCell.swift; sourceTree = "<group>"; };
		B209E6372BC431080067D751 /* FeedTableViewCell.swift */ = {isa = PBXFileReference; lastKnownFileType = sourcecode.swift; path = FeedTableViewCell.swift; sourceTree = "<group>"; };
		B209E63A2BC560770067D751 /* UserModel.xcdatamodel */ = {isa = PBXFileReference; lastKnownFileType = wrapper.xcdatamodel; path = UserModel.xcdatamodel; sourceTree = "<group>"; };
		B209E63D2BC5626C0067D751 /* UserCoreDataModelService.swift */ = {isa = PBXFileReference; lastKnownFileType = sourcecode.swift; path = UserCoreDataModelService.swift; sourceTree = "<group>"; };
		B209E6402BC5628C0067D751 /* CoreDataService.swift */ = {isa = PBXFileReference; lastKnownFileType = sourcecode.swift; path = CoreDataService.swift; sourceTree = "<group>"; };
		B209E6422BC565340067D751 /* PostCoreDataModelService.swift */ = {isa = PBXFileReference; lastKnownFileType = sourcecode.swift; path = PostCoreDataModelService.swift; sourceTree = "<group>"; };
		B209E6442BC566D90067D751 /* EachPostCoreDataModelService.swift */ = {isa = PBXFileReference; lastKnownFileType = sourcecode.swift; path = EachPostCoreDataModelService.swift; sourceTree = "<group>"; };
		B209E6492BC7C8D70067D751 /* AddProfilePresenter.swift */ = {isa = PBXFileReference; lastKnownFileType = sourcecode.swift; path = AddProfilePresenter.swift; sourceTree = "<group>"; };
		B209E64B2BC7C8DE0067D751 /* AddProfileVc.swift */ = {isa = PBXFileReference; lastKnownFileType = sourcecode.swift; path = AddProfileVc.swift; sourceTree = "<group>"; };
		B209E64E2BC95E850067D751 /* SignInPresenter.swift */ = {isa = PBXFileReference; lastKnownFileType = sourcecode.swift; path = SignInPresenter.swift; sourceTree = "<group>"; };
		B209E6502BC95E930067D751 /* SignInViewController.swift */ = {isa = PBXFileReference; lastKnownFileType = sourcecode.swift; path = SignInViewController.swift; sourceTree = "<group>"; };
		B211C1E42BBB3C2900C073EE /* Snapp.app */ = {isa = PBXFileReference; explicitFileType = wrapper.application; includeInIndex = 0; path = Snapp.app; sourceTree = BUILT_PRODUCTS_DIR; };
		B211C1E72BBB3C2900C073EE /* AppDelegate.swift */ = {isa = PBXFileReference; lastKnownFileType = sourcecode.swift; path = AppDelegate.swift; sourceTree = "<group>"; };
		B211C1E92BBB3C2900C073EE /* SceneDelegate.swift */ = {isa = PBXFileReference; lastKnownFileType = sourcecode.swift; path = SceneDelegate.swift; sourceTree = "<group>"; };
		B211C1EB2BBB3C2900C073EE /* OnBoardingVC.swift */ = {isa = PBXFileReference; lastKnownFileType = sourcecode.swift; path = OnBoardingVC.swift; sourceTree = "<group>"; };
		B211C1F12BBB3C2900C073EE /* Snapp.xcdatamodel */ = {isa = PBXFileReference; lastKnownFileType = wrapper.xcdatamodel; path = Snapp.xcdatamodel; sourceTree = "<group>"; };
		B211C1F32BBB3C2A00C073EE /* Assets.xcassets */ = {isa = PBXFileReference; lastKnownFileType = folder.assetcatalog; path = Assets.xcassets; sourceTree = "<group>"; };
		B211C1F62BBB3C2A00C073EE /* Base */ = {isa = PBXFileReference; lastKnownFileType = file.storyboard; name = Base; path = Base.lproj/LaunchScreen.storyboard; sourceTree = "<group>"; };
		B211C1F82BBB3C2A00C073EE /* Info.plist */ = {isa = PBXFileReference; lastKnownFileType = text.plist.xml; path = Info.plist; sourceTree = "<group>"; };
		B211C1FD2BBB3C2A00C073EE /* SnappTests.xctest */ = {isa = PBXFileReference; explicitFileType = wrapper.cfbundle; includeInIndex = 0; path = SnappTests.xctest; sourceTree = BUILT_PRODUCTS_DIR; };
		B211C2012BBB3C2A00C073EE /* SnappTests.swift */ = {isa = PBXFileReference; lastKnownFileType = sourcecode.swift; path = SnappTests.swift; sourceTree = "<group>"; };
		B211C2072BBB3C2A00C073EE /* SnappUITests.xctest */ = {isa = PBXFileReference; explicitFileType = wrapper.cfbundle; includeInIndex = 0; path = SnappUITests.xctest; sourceTree = BUILT_PRODUCTS_DIR; };
		B211C20B2BBB3C2A00C073EE /* SnappUITests.swift */ = {isa = PBXFileReference; lastKnownFileType = sourcecode.swift; path = SnappUITests.swift; sourceTree = "<group>"; };
		B211C20D2BBB3C2A00C073EE /* SnappUITestsLaunchTests.swift */ = {isa = PBXFileReference; lastKnownFileType = sourcecode.swift; path = SnappUITestsLaunchTests.swift; sourceTree = "<group>"; };
		B211C21D2BBBEACA00C073EE /* OnBoardingPresenter.swift */ = {isa = PBXFileReference; lastKnownFileType = sourcecode.swift; path = OnBoardingPresenter.swift; sourceTree = "<group>"; };
		B211C25E2BBC178F00C073EE /* Localizable.xcstrings */ = {isa = PBXFileReference; lastKnownFileType = text.json.xcstrings; path = Localizable.xcstrings; sourceTree = "<group>"; };
		B211C2602BBC179F00C073EE /* ru */ = {isa = PBXFileReference; lastKnownFileType = text.plist.strings; name = ru; path = ru.lproj/LaunchScreen.strings; sourceTree = "<group>"; };
		B211C2632BBC17B900C073EE /* Extension+String.swift */ = {isa = PBXFileReference; lastKnownFileType = sourcecode.swift; path = "Extension+String.swift"; sourceTree = "<group>"; };
		B211C2662BBC2EF700C073EE /* SecondOnboardingVC.swift */ = {isa = PBXFileReference; lastKnownFileType = sourcecode.swift; path = SecondOnboardingVC.swift; sourceTree = "<group>"; };
		B211C2682BBC2F0200C073EE /* SecondOnboardingPresenter.swift */ = {isa = PBXFileReference; lastKnownFileType = sourcecode.swift; path = SecondOnboardingPresenter.swift; sourceTree = "<group>"; };
		B211C26B2BBC404C00C073EE /* ThirdOnboardingViewController.swift */ = {isa = PBXFileReference; lastKnownFileType = sourcecode.swift; path = ThirdOnboardingViewController.swift; sourceTree = "<group>"; };
		B211C26D2BBC405900C073EE /* ThirdOnboardingPresenter.swift */ = {isa = PBXFileReference; lastKnownFileType = sourcecode.swift; path = ThirdOnboardingPresenter.swift; sourceTree = "<group>"; };
		B211C2702BBC4C1700C073EE /* StringFormatter.swift */ = {isa = PBXFileReference; lastKnownFileType = sourcecode.swift; path = StringFormatter.swift; sourceTree = "<group>"; };
		B211C2732BBC6A1000C073EE /* LoginScreenViewController.swift */ = {isa = PBXFileReference; lastKnownFileType = sourcecode.swift; path = LoginScreenViewController.swift; sourceTree = "<group>"; };
		B211C2752BBC6A1D00C073EE /* LoginScreenPresenter.swift */ = {isa = PBXFileReference; lastKnownFileType = sourcecode.swift; path = LoginScreenPresenter.swift; sourceTree = "<group>"; };
		B211C27C2BBD321C00C073EE /* Validator.swift */ = {isa = PBXFileReference; lastKnownFileType = sourcecode.swift; path = Validator.swift; sourceTree = "<group>"; };
		B211C27F2BBD3B2F00C073EE /* Extension+UIColor.swift */ = {isa = PBXFileReference; lastKnownFileType = sourcecode.swift; path = "Extension+UIColor.swift"; sourceTree = "<group>"; };
		B211C2822BBD48EA00C073EE /* FireBaseAuthService.swift */ = {isa = PBXFileReference; lastKnownFileType = sourcecode.swift; path = FireBaseAuthService.swift; sourceTree = "<group>"; };
		B211C2862BBD494200C073EE /* FirebaseUser.swift */ = {isa = PBXFileReference; lastKnownFileType = sourcecode.swift; path = FirebaseUser.swift; sourceTree = "<group>"; };
		B211C2882BBD558000C073EE /* GoogleService-Info.plist */ = {isa = PBXFileReference; fileEncoding = 4; lastKnownFileType = text.plist.xml; path = "GoogleService-Info.plist"; sourceTree = "<group>"; };
/* End PBXFileReference section */

/* Begin PBXFrameworksBuildPhase section */
		B211C1E12BBB3C2900C073EE /* Frameworks */ = {
			isa = PBXFrameworksBuildPhase;
			buildActionMask = 2147483647;
			files = (
				B211C2382BBC0F3000C073EE /* FirebaseDatabase in Frameworks */,
				B211C2462BBC0F3000C073EE /* FirebaseFunctionsCombine-Community in Frameworks */,
				B211C23E2BBC0F3000C073EE /* FirebaseFirestore in Frameworks */,
				B211C22A2BBC0F3000C073EE /* FirebaseAnalyticsSwift in Frameworks */,
				B211C2262BBC0F3000C073EE /* FirebaseAnalytics in Frameworks */,
				B211C2282BBC0F3000C073EE /* FirebaseAnalyticsOnDeviceConversion in Frameworks */,
				B211C24E2BBC0F3000C073EE /* FirebaseMLModelDownloader in Frameworks */,
				B211C2422BBC0F3000C073EE /* FirebaseFirestoreSwift in Frameworks */,
				B211C22E2BBC0F3000C073EE /* FirebaseAppCheck in Frameworks */,
				B211C22C2BBC0F3000C073EE /* FirebaseAnalyticsWithoutAdIdSupport in Frameworks */,
				B211C2322BBC0F3000C073EE /* FirebaseAuth in Frameworks */,
				B211C2362BBC0F3000C073EE /* FirebaseCrashlytics in Frameworks */,
				B211C2562BBC0F3000C073EE /* FirebaseRemoteConfigSwift in Frameworks */,
				B211C2482BBC0F3000C073EE /* FirebaseInAppMessaging-Beta in Frameworks */,
				B211C23A2BBC0F3000C073EE /* FirebaseDatabaseSwift in Frameworks */,
				B211C2442BBC0F3000C073EE /* FirebaseFunctions in Frameworks */,
				B211C25A2BBC0F3000C073EE /* FirebaseStorageCombine-Community in Frameworks */,
				B211C2542BBC0F3000C073EE /* FirebaseRemoteConfig in Frameworks */,
				B211C2302BBC0F3000C073EE /* FirebaseAppDistribution-Beta in Frameworks */,
				B211C2342BBC0F3000C073EE /* FirebaseAuthCombine-Community in Frameworks */,
				B211C2522BBC0F3000C073EE /* FirebasePerformance in Frameworks */,
				B211C24A2BBC0F3000C073EE /* FirebaseInAppMessagingSwift-Beta in Frameworks */,
				B211C2582BBC0F3000C073EE /* FirebaseStorage in Frameworks */,
				B211C23C2BBC0F3000C073EE /* FirebaseDynamicLinks in Frameworks */,
				B211C2402BBC0F3000C073EE /* FirebaseFirestoreCombine-Community in Frameworks */,
				B211C2502BBC0F3000C073EE /* FirebaseMessaging in Frameworks */,
				B211C24C2BBC0F3000C073EE /* FirebaseInstallations in Frameworks */,
			);
			runOnlyForDeploymentPostprocessing = 0;
		};
		B211C1FA2BBB3C2A00C073EE /* Frameworks */ = {
			isa = PBXFrameworksBuildPhase;
			buildActionMask = 2147483647;
			files = (
			);
			runOnlyForDeploymentPostprocessing = 0;
		};
		B211C2042BBB3C2A00C073EE /* Frameworks */ = {
			isa = PBXFrameworksBuildPhase;
			buildActionMask = 2147483647;
			files = (
			);
			runOnlyForDeploymentPostprocessing = 0;
		};
/* End PBXFrameworksBuildPhase section */

/* Begin PBXGroup section */
		B209E6092BBEBCB20067D751 /* Fonts */ = {
			isa = PBXGroup;
			children = (
				B209E6102BBEBD100067D751 /* Inter-Medium.ttf */,
				B209E60E2BBEBD050067D751 /* Inter-Light.ttf */,
				B209E60C2BBEBCF00067D751 /* Inter-Bold.ttf */,
				B209E60A2BBEBCE50067D751 /* Inter-Black.ttf */,
			);
			path = Fonts;
			sourceTree = "<group>";
		};
		B209E6122BBFD6C80067D751 /* FirestoreService */ = {
			isa = PBXGroup;
			children = (
				B209E6132BBFD6DA0067D751 /* FireStoreService.swift */,
			);
			path = FirestoreService;
			sourceTree = "<group>";
		};
		B209E6152BBFD7880067D751 /* Extensions */ = {
			isa = PBXGroup;
			children = (
				B211C2622BBC17AA00C073EE /* Extension+String */,
			);
			path = Extensions;
			sourceTree = "<group>";
		};
		B209E6162BC1384F0067D751 /* FeedModule */ = {
			isa = PBXGroup;
			children = (
				B209E6172BC1386C0067D751 /* FeedScreen */,
			);
			path = FeedModule;
			sourceTree = "<group>";
		};
		B209E6172BC1386C0067D751 /* FeedScreen */ = {
			isa = PBXGroup;
			children = (
				B209E6342BC430ED0067D751 /* Cells */,
				B209E6182BC138790067D751 /* FeedPresenter.swift */,
				B209E61A2BC139000067D751 /* FeedViewController.swift */,
			);
			path = FeedScreen;
			sourceTree = "<group>";
		};
		B209E61C2BC3FC0D0067D751 /* ProfileModule */ = {
			isa = PBXGroup;
			children = (
				B209E61D2BC3FC180067D751 /* ProfileScreen */,
			);
			path = ProfileModule;
			sourceTree = "<group>";
		};
		B209E61D2BC3FC180067D751 /* ProfileScreen */ = {
			isa = PBXGroup;
			children = (
				B209E61E2BC3FC280067D751 /* ProfileViewController.swift */,
				B209E6202BC3FC320067D751 /* ProfilePresenter.swift */,
			);
			path = ProfileScreen;
			sourceTree = "<group>";
		};
		B209E6222BC3FD270067D751 /* FavouritesModule */ = {
			isa = PBXGroup;
			children = (
				B209E6232BC3FD370067D751 /* FavouritesScreen */,
			);
			path = FavouritesModule;
			sourceTree = "<group>";
		};
		B209E6232BC3FD370067D751 /* FavouritesScreen */ = {
			isa = PBXGroup;
			children = (
				B209E6242BC3FD450067D751 /* FavouritesViewController.swift */,
				B209E6262BC3FD5B0067D751 /* FavouritesPresenter.swift */,
			);
			path = FavouritesScreen;
			sourceTree = "<group>";
		};
		B209E6282BC3FDBE0067D751 /* SettingModule */ = {
			isa = PBXGroup;
			children = (
				B209E62F2BC3FEA10067D751 /* ProfileChangeScreen */,
				B209E6292BC3FDCB0067D751 /* SettingsScreen */,
			);
			path = SettingModule;
			sourceTree = "<group>";
		};
		B209E6292BC3FDCB0067D751 /* SettingsScreen */ = {
			isa = PBXGroup;
			children = (
				B209E62A2BC3FDDB0067D751 /* SettingsViewController.swift */,
				B209E62D2BC3FDEC0067D751 /* SettingPresenter.swift */,
			);
			path = SettingsScreen;
			sourceTree = "<group>";
		};
		B209E62F2BC3FEA10067D751 /* ProfileChangeScreen */ = {
			isa = PBXGroup;
			children = (
				B209E6302BC3FEB10067D751 /* ProfileChangeViewController.swift */,
				B209E6322BC3FEBE0067D751 /* ProfileChangePresenter.swift */,
			);
			path = ProfileChangeScreen;
			sourceTree = "<group>";
		};
		B209E6342BC430ED0067D751 /* Cells */ = {
			isa = PBXGroup;
			children = (
				B209E6352BC430FC0067D751 /* FeedCollectionVIewCell.swift */,
				B209E6372BC431080067D751 /* FeedTableViewCell.swift */,
			);
			path = Cells;
			sourceTree = "<group>";
		};
		B209E63C2BC562550067D751 /* CoreDataModel */ = {
			isa = PBXGroup;
			children = (
				B209E63D2BC5626C0067D751 /* UserCoreDataModelService.swift */,
				B209E6422BC565340067D751 /* PostCoreDataModelService.swift */,
				B209E6442BC566D90067D751 /* EachPostCoreDataModelService.swift */,
			);
			path = CoreDataModel;
			sourceTree = "<group>";
		};
		B209E63F2BC5627F0067D751 /* CoreDataService */ = {
			isa = PBXGroup;
			children = (
				B209E6402BC5628C0067D751 /* CoreDataService.swift */,
			);
			path = CoreDataService;
			sourceTree = "<group>";
		};
		B209E6482BC7C8C60067D751 /* AddProfileScreen */ = {
			isa = PBXGroup;
			children = (
				B209E6492BC7C8D70067D751 /* AddProfilePresenter.swift */,
				B209E64B2BC7C8DE0067D751 /* AddProfileVc.swift */,
			);
			path = AddProfileScreen;
			sourceTree = "<group>";
		};
		B209E64D2BC95E130067D751 /* SignInScreen */ = {
			isa = PBXGroup;
			children = (
				B209E64E2BC95E850067D751 /* SignInPresenter.swift */,
				B209E6502BC95E930067D751 /* SignInViewController.swift */,
			);
			path = SignInScreen;
			sourceTree = "<group>";
		};
		B211C1DB2BBB3C2900C073EE = {
			isa = PBXGroup;
			children = (
				B209E6392BC560770067D751 /* UserModel.xcdatamodeld */,
				B211C2882BBD558000C073EE /* GoogleService-Info.plist */,
				B211C25E2BBC178F00C073EE /* Localizable.xcstrings */,
				B211C1E62BBB3C2900C073EE /* Snapp */,
				B211C2002BBB3C2A00C073EE /* SnappTests */,
				B211C20A2BBB3C2A00C073EE /* SnappUITests */,
				B211C1E52BBB3C2900C073EE /* Products */,
			);
			sourceTree = "<group>";
		};
		B211C1E52BBB3C2900C073EE /* Products */ = {
			isa = PBXGroup;
			children = (
				B211C1E42BBB3C2900C073EE /* Snapp.app */,
				B211C1FD2BBB3C2A00C073EE /* SnappTests.xctest */,
				B211C2072BBB3C2A00C073EE /* SnappUITests.xctest */,
			);
			name = Products;
			sourceTree = "<group>";
		};
		B211C1E62BBB3C2900C073EE /* Snapp */ = {
			isa = PBXGroup;
			children = (
				B209E6282BC3FDBE0067D751 /* SettingModule */,
				B209E6222BC3FD270067D751 /* FavouritesModule */,
				B209E61C2BC3FC0D0067D751 /* ProfileModule */,
				B211C2772BBC6B7F00C073EE /* OnboardingModule */,
				B209E6162BC1384F0067D751 /* FeedModule */,
				B209E6152BBFD7880067D751 /* Extensions */,
				B211C2842BBD493300C073EE /* Model */,
				B211C27A2BBD320900C073EE /* Services */,
				B211C1E72BBB3C2900C073EE /* AppDelegate.swift */,
				B211C1E92BBB3C2900C073EE /* SceneDelegate.swift */,
				B211C1F32BBB3C2A00C073EE /* Assets.xcassets */,
				B211C1F52BBB3C2A00C073EE /* LaunchScreen.storyboard */,
				B211C1F82BBB3C2A00C073EE /* Info.plist */,
				B211C1F02BBB3C2900C073EE /* Snapp.xcdatamodeld */,
			);
			path = Snapp;
			sourceTree = "<group>";
		};
		B211C2002BBB3C2A00C073EE /* SnappTests */ = {
			isa = PBXGroup;
			children = (
				B211C2012BBB3C2A00C073EE /* SnappTests.swift */,
			);
			path = SnappTests;
			sourceTree = "<group>";
		};
		B211C20A2BBB3C2A00C073EE /* SnappUITests */ = {
			isa = PBXGroup;
			children = (
				B211C20B2BBB3C2A00C073EE /* SnappUITests.swift */,
				B211C20D2BBB3C2A00C073EE /* SnappUITestsLaunchTests.swift */,
			);
			path = SnappUITests;
			sourceTree = "<group>";
		};
		B211C21A2BBB3CC900C073EE /* FirstBoardingScreen */ = {
			isa = PBXGroup;
			children = (
				B211C1EB2BBB3C2900C073EE /* OnBoardingVC.swift */,
				B211C21D2BBBEACA00C073EE /* OnBoardingPresenter.swift */,
			);
			path = FirstBoardingScreen;
			sourceTree = "<group>";
		};
		B211C2622BBC17AA00C073EE /* Extension+String */ = {
			isa = PBXGroup;
			children = (
				B211C2632BBC17B900C073EE /* Extension+String.swift */,
			);
			path = "Extension+String";
			sourceTree = "<group>";
		};
		B211C2652BBC2ED800C073EE /* SecondOnboardingScreen */ = {
			isa = PBXGroup;
			children = (
				B211C2662BBC2EF700C073EE /* SecondOnboardingVC.swift */,
				B211C2682BBC2F0200C073EE /* SecondOnboardingPresenter.swift */,
			);
			path = SecondOnboardingScreen;
			sourceTree = "<group>";
		};
		B211C26A2BBC402E00C073EE /* ThirdOnboardingScreen */ = {
			isa = PBXGroup;
			children = (
				B211C26B2BBC404C00C073EE /* ThirdOnboardingViewController.swift */,
				B211C26D2BBC405900C073EE /* ThirdOnboardingPresenter.swift */,
			);
			path = ThirdOnboardingScreen;
			sourceTree = "<group>";
		};
		B211C26F2BBC4C0A00C073EE /* StringFormatter */ = {
			isa = PBXGroup;
			children = (
				B211C2702BBC4C1700C073EE /* StringFormatter.swift */,
			);
			path = StringFormatter;
			sourceTree = "<group>";
		};
		B211C2722BBC69F800C073EE /* LoginScreen */ = {
			isa = PBXGroup;
			children = (
				B211C2732BBC6A1000C073EE /* LoginScreenViewController.swift */,
				B211C2752BBC6A1D00C073EE /* LoginScreenPresenter.swift */,
			);
			path = LoginScreen;
			sourceTree = "<group>";
		};
		B211C2772BBC6B7F00C073EE /* OnboardingModule */ = {
			isa = PBXGroup;
			children = (
				B209E64D2BC95E130067D751 /* SignInScreen */,
				B209E6482BC7C8C60067D751 /* AddProfileScreen */,
				B211C2722BBC69F800C073EE /* LoginScreen */,
				B211C21A2BBB3CC900C073EE /* FirstBoardingScreen */,
				B211C2652BBC2ED800C073EE /* SecondOnboardingScreen */,
				B211C26A2BBC402E00C073EE /* ThirdOnboardingScreen */,
			);
			path = OnboardingModule;
			sourceTree = "<group>";
		};
		B211C27A2BBD320900C073EE /* Services */ = {
			isa = PBXGroup;
			children = (
				B209E6122BBFD6C80067D751 /* FirestoreService */,
				B209E6092BBEBCB20067D751 /* Fonts */,
				B211C2812BBD48DE00C073EE /* AuthService */,
				B211C27E2BBD3B2100C073EE /* ColorCreator */,
				B211C27B2BBD321000C073EE /* Validator */,
				B211C26F2BBC4C0A00C073EE /* StringFormatter */,
			);
			path = Services;
			sourceTree = "<group>";
		};
		B211C27B2BBD321000C073EE /* Validator */ = {
			isa = PBXGroup;
			children = (
				B211C27C2BBD321C00C073EE /* Validator.swift */,
			);
			path = Validator;
			sourceTree = "<group>";
		};
		B211C27E2BBD3B2100C073EE /* ColorCreator */ = {
			isa = PBXGroup;
			children = (
				B211C27F2BBD3B2F00C073EE /* Extension+UIColor.swift */,
			);
			path = ColorCreator;
			sourceTree = "<group>";
		};
		B211C2812BBD48DE00C073EE /* AuthService */ = {
			isa = PBXGroup;
			children = (
				B211C2822BBD48EA00C073EE /* FireBaseAuthService.swift */,
			);
			path = AuthService;
			sourceTree = "<group>";
		};
		B211C2842BBD493300C073EE /* Model */ = {
			isa = PBXGroup;
			children = (
				B209E63F2BC5627F0067D751 /* CoreDataService */,
				B209E63C2BC562550067D751 /* CoreDataModel */,
				B211C2852BBD493800C073EE /* FirebaseUser */,
			);
			path = Model;
			sourceTree = "<group>";
		};
		B211C2852BBD493800C073EE /* FirebaseUser */ = {
			isa = PBXGroup;
			children = (
				B211C2862BBD494200C073EE /* FirebaseUser.swift */,
			);
			path = FirebaseUser;
			sourceTree = "<group>";
		};
/* End PBXGroup section */

/* Begin PBXNativeTarget section */
		B211C1E32BBB3C2900C073EE /* Snapp */ = {
			isa = PBXNativeTarget;
			buildConfigurationList = B211C2112BBB3C2A00C073EE /* Build configuration list for PBXNativeTarget "Snapp" */;
			buildPhases = (
				B211C1E02BBB3C2900C073EE /* Sources */,
				B211C1E12BBB3C2900C073EE /* Frameworks */,
				B211C1E22BBB3C2900C073EE /* Resources */,
			);
			buildRules = (
			);
			dependencies = (
			);
			name = Snapp;
			packageProductDependencies = (
				B211C2252BBC0F3000C073EE /* FirebaseAnalytics */,
				B211C2272BBC0F3000C073EE /* FirebaseAnalyticsOnDeviceConversion */,
				B211C2292BBC0F3000C073EE /* FirebaseAnalyticsSwift */,
				B211C22B2BBC0F3000C073EE /* FirebaseAnalyticsWithoutAdIdSupport */,
				B211C22D2BBC0F3000C073EE /* FirebaseAppCheck */,
				B211C22F2BBC0F3000C073EE /* FirebaseAppDistribution-Beta */,
				B211C2312BBC0F3000C073EE /* FirebaseAuth */,
				B211C2332BBC0F3000C073EE /* FirebaseAuthCombine-Community */,
				B211C2352BBC0F3000C073EE /* FirebaseCrashlytics */,
				B211C2372BBC0F3000C073EE /* FirebaseDatabase */,
				B211C2392BBC0F3000C073EE /* FirebaseDatabaseSwift */,
				B211C23B2BBC0F3000C073EE /* FirebaseDynamicLinks */,
				B211C23D2BBC0F3000C073EE /* FirebaseFirestore */,
				B211C23F2BBC0F3000C073EE /* FirebaseFirestoreCombine-Community */,
				B211C2412BBC0F3000C073EE /* FirebaseFirestoreSwift */,
				B211C2432BBC0F3000C073EE /* FirebaseFunctions */,
				B211C2452BBC0F3000C073EE /* FirebaseFunctionsCombine-Community */,
				B211C2472BBC0F3000C073EE /* FirebaseInAppMessaging-Beta */,
				B211C2492BBC0F3000C073EE /* FirebaseInAppMessagingSwift-Beta */,
				B211C24B2BBC0F3000C073EE /* FirebaseInstallations */,
				B211C24D2BBC0F3000C073EE /* FirebaseMLModelDownloader */,
				B211C24F2BBC0F3000C073EE /* FirebaseMessaging */,
				B211C2512BBC0F3000C073EE /* FirebasePerformance */,
				B211C2532BBC0F3000C073EE /* FirebaseRemoteConfig */,
				B211C2552BBC0F3000C073EE /* FirebaseRemoteConfigSwift */,
				B211C2572BBC0F3000C073EE /* FirebaseStorage */,
				B211C2592BBC0F3000C073EE /* FirebaseStorageCombine-Community */,
			);
			productName = Snapp;
			productReference = B211C1E42BBB3C2900C073EE /* Snapp.app */;
			productType = "com.apple.product-type.application";
		};
		B211C1FC2BBB3C2A00C073EE /* SnappTests */ = {
			isa = PBXNativeTarget;
			buildConfigurationList = B211C2142BBB3C2A00C073EE /* Build configuration list for PBXNativeTarget "SnappTests" */;
			buildPhases = (
				B211C1F92BBB3C2A00C073EE /* Sources */,
				B211C1FA2BBB3C2A00C073EE /* Frameworks */,
				B211C1FB2BBB3C2A00C073EE /* Resources */,
			);
			buildRules = (
			);
			dependencies = (
				B211C1FF2BBB3C2A00C073EE /* PBXTargetDependency */,
			);
			name = SnappTests;
			productName = SnappTests;
			productReference = B211C1FD2BBB3C2A00C073EE /* SnappTests.xctest */;
			productType = "com.apple.product-type.bundle.unit-test";
		};
		B211C2062BBB3C2A00C073EE /* SnappUITests */ = {
			isa = PBXNativeTarget;
			buildConfigurationList = B211C2172BBB3C2A00C073EE /* Build configuration list for PBXNativeTarget "SnappUITests" */;
			buildPhases = (
				B211C2032BBB3C2A00C073EE /* Sources */,
				B211C2042BBB3C2A00C073EE /* Frameworks */,
				B211C2052BBB3C2A00C073EE /* Resources */,
			);
			buildRules = (
			);
			dependencies = (
				B211C2092BBB3C2A00C073EE /* PBXTargetDependency */,
			);
			name = SnappUITests;
			productName = SnappUITests;
			productReference = B211C2072BBB3C2A00C073EE /* SnappUITests.xctest */;
			productType = "com.apple.product-type.bundle.ui-testing";
		};
/* End PBXNativeTarget section */

/* Begin PBXProject section */
		B211C1DC2BBB3C2900C073EE /* Project object */ = {
			isa = PBXProject;
			attributes = {
				BuildIndependentTargetsInParallel = 1;
				LastSwiftUpdateCheck = 1530;
				LastUpgradeCheck = 1530;
				TargetAttributes = {
					B211C1E32BBB3C2900C073EE = {
						CreatedOnToolsVersion = 15.3;
					};
					B211C1FC2BBB3C2A00C073EE = {
						CreatedOnToolsVersion = 15.3;
						TestTargetID = B211C1E32BBB3C2900C073EE;
					};
					B211C2062BBB3C2A00C073EE = {
						CreatedOnToolsVersion = 15.3;
						TestTargetID = B211C1E32BBB3C2900C073EE;
					};
				};
			};
			buildConfigurationList = B211C1DF2BBB3C2900C073EE /* Build configuration list for PBXProject "Snapp" */;
			compatibilityVersion = "Xcode 14.0";
			developmentRegion = en;
			hasScannedForEncodings = 0;
			knownRegions = (
				en,
				Base,
				ru,
			);
			mainGroup = B211C1DB2BBB3C2900C073EE;
			packageReferences = (
				B211C2242BBC0F3000C073EE /* XCRemoteSwiftPackageReference "firebase-ios-sdk" */,
			);
			productRefGroup = B211C1E52BBB3C2900C073EE /* Products */;
			projectDirPath = "";
			projectRoot = "";
			targets = (
				B211C1E32BBB3C2900C073EE /* Snapp */,
				B211C1FC2BBB3C2A00C073EE /* SnappTests */,
				B211C2062BBB3C2A00C073EE /* SnappUITests */,
			);
		};
/* End PBXProject section */

/* Begin PBXResourcesBuildPhase section */
		B211C1E22BBB3C2900C073EE /* Resources */ = {
			isa = PBXResourcesBuildPhase;
			buildActionMask = 2147483647;
			files = (
				B209E60D2BBEBCF00067D751 /* Inter-Bold.ttf in Resources */,
				B211C1F42BBB3C2A00C073EE /* Assets.xcassets in Resources */,
				B211C2892BBD558000C073EE /* GoogleService-Info.plist in Resources */,
				B209E60B2BBEBCE50067D751 /* Inter-Black.ttf in Resources */,
				B209E6112BBEBD100067D751 /* Inter-Medium.ttf in Resources */,
				B211C25F2BBC178F00C073EE /* Localizable.xcstrings in Resources */,
				B211C1F72BBB3C2A00C073EE /* Base in Resources */,
				B209E60F2BBEBD050067D751 /* Inter-Light.ttf in Resources */,
			);
			runOnlyForDeploymentPostprocessing = 0;
		};
		B211C1FB2BBB3C2A00C073EE /* Resources */ = {
			isa = PBXResourcesBuildPhase;
			buildActionMask = 2147483647;
			files = (
			);
			runOnlyForDeploymentPostprocessing = 0;
		};
		B211C2052BBB3C2A00C073EE /* Resources */ = {
			isa = PBXResourcesBuildPhase;
			buildActionMask = 2147483647;
			files = (
			);
			runOnlyForDeploymentPostprocessing = 0;
		};
/* End PBXResourcesBuildPhase section */

/* Begin PBXSourcesBuildPhase section */
		B211C1E02BBB3C2900C073EE /* Sources */ = {
			isa = PBXSourcesBuildPhase;
			buildActionMask = 2147483647;
			files = (
				B209E6212BC3FC320067D751 /* ProfilePresenter.swift in Sources */,
				B211C1F22BBB3C2900C073EE /* Snapp.xcdatamodeld in Sources */,
				B211C2642BBC17B900C073EE /* Extension+String.swift in Sources */,
				B211C1EC2BBB3C2900C073EE /* OnBoardingVC.swift in Sources */,
				B211C2672BBC2EF700C073EE /* SecondOnboardingVC.swift in Sources */,
				B209E6512BC95E930067D751 /* SignInViewController.swift in Sources */,
				B209E63E2BC5626C0067D751 /* UserCoreDataModelService.swift in Sources */,
				B209E64F2BC95E850067D751 /* SignInPresenter.swift in Sources */,
				B209E63B2BC560770067D751 /* UserModel.xcdatamodeld in Sources */,
				B211C1E82BBB3C2900C073EE /* AppDelegate.swift in Sources */,
				B209E6312BC3FEB10067D751 /* ProfileChangeViewController.swift in Sources */,
				B209E6362BC430FC0067D751 /* FeedCollectionVIewCell.swift in Sources */,
				B209E64A2BC7C8D70067D751 /* AddProfilePresenter.swift in Sources */,
				B211C1EA2BBB3C2900C073EE /* SceneDelegate.swift in Sources */,
				B209E6142BBFD6DA0067D751 /* FireStoreService.swift in Sources */,
				B209E62B2BC3FDDB0067D751 /* SettingsViewController.swift in Sources */,
				B211C2692BBC2F0200C073EE /* SecondOnboardingPresenter.swift in Sources */,
				B211C2832BBD48EA00C073EE /* FireBaseAuthService.swift in Sources */,
				B211C2802BBD3B2F00C073EE /* Extension+UIColor.swift in Sources */,
				B209E6192BC138790067D751 /* FeedPresenter.swift in Sources */,
				B211C27D2BBD321C00C073EE /* Validator.swift in Sources */,
				B209E6252BC3FD450067D751 /* FavouritesViewController.swift in Sources */,
				B209E6412BC5628C0067D751 /* CoreDataService.swift in Sources */,
				B211C2712BBC4C1700C073EE /* StringFormatter.swift in Sources */,
				B209E64C2BC7C8DE0067D751 /* AddProfileVc.swift in Sources */,
				B209E61B2BC139000067D751 /* FeedViewController.swift in Sources */,
				B209E6382BC431080067D751 /* FeedTableViewCell.swift in Sources */,
				B211C26E2BBC405A00C073EE /* ThirdOnboardingPresenter.swift in Sources */,
				B211C21E2BBBEACA00C073EE /* OnBoardingPresenter.swift in Sources */,
				B211C2762BBC6A1D00C073EE /* LoginScreenPresenter.swift in Sources */,
				B211C2742BBC6A1000C073EE /* LoginScreenViewController.swift in Sources */,
				B209E6332BC3FEBE0067D751 /* ProfileChangePresenter.swift in Sources */,
				B209E6432BC565340067D751 /* PostCoreDataModelService.swift in Sources */,
				B209E62E2BC3FDEC0067D751 /* SettingPresenter.swift in Sources */,
				B209E6272BC3FD5B0067D751 /* FavouritesPresenter.swift in Sources */,
				B209E61F2BC3FC290067D751 /* ProfileViewController.swift in Sources */,
				B211C26C2BBC404C00C073EE /* ThirdOnboardingViewController.swift in Sources */,
				B209E6452BC566D90067D751 /* EachPostCoreDataModelService.swift in Sources */,
				B211C2872BBD494200C073EE /* FirebaseUser.swift in Sources */,
			);
			runOnlyForDeploymentPostprocessing = 0;
		};
		B211C1F92BBB3C2A00C073EE /* Sources */ = {
			isa = PBXSourcesBuildPhase;
			buildActionMask = 2147483647;
			files = (
				B211C2022BBB3C2A00C073EE /* SnappTests.swift in Sources */,
			);
			runOnlyForDeploymentPostprocessing = 0;
		};
		B211C2032BBB3C2A00C073EE /* Sources */ = {
			isa = PBXSourcesBuildPhase;
			buildActionMask = 2147483647;
			files = (
				B211C20C2BBB3C2A00C073EE /* SnappUITests.swift in Sources */,
				B211C20E2BBB3C2A00C073EE /* SnappUITestsLaunchTests.swift in Sources */,
			);
			runOnlyForDeploymentPostprocessing = 0;
		};
/* End PBXSourcesBuildPhase section */

/* Begin PBXTargetDependency section */
		B211C1FF2BBB3C2A00C073EE /* PBXTargetDependency */ = {
			isa = PBXTargetDependency;
			target = B211C1E32BBB3C2900C073EE /* Snapp */;
			targetProxy = B211C1FE2BBB3C2A00C073EE /* PBXContainerItemProxy */;
		};
		B211C2092BBB3C2A00C073EE /* PBXTargetDependency */ = {
			isa = PBXTargetDependency;
			target = B211C1E32BBB3C2900C073EE /* Snapp */;
			targetProxy = B211C2082BBB3C2A00C073EE /* PBXContainerItemProxy */;
		};
/* End PBXTargetDependency section */

/* Begin PBXVariantGroup section */
		B211C1F52BBB3C2A00C073EE /* LaunchScreen.storyboard */ = {
			isa = PBXVariantGroup;
			children = (
				B211C1F62BBB3C2A00C073EE /* Base */,
				B211C2602BBC179F00C073EE /* ru */,
			);
			name = LaunchScreen.storyboard;
			sourceTree = "<group>";
		};
/* End PBXVariantGroup section */

/* Begin XCBuildConfiguration section */
		B211C20F2BBB3C2A00C073EE /* Debug */ = {
			isa = XCBuildConfiguration;
			buildSettings = {
				ALWAYS_SEARCH_USER_PATHS = NO;
				ASSETCATALOG_COMPILER_GENERATE_SWIFT_ASSET_SYMBOL_EXTENSIONS = YES;
				CLANG_ANALYZER_LOCALIZABILITY_NONLOCALIZED = YES;
				CLANG_ANALYZER_NONNULL = YES;
				CLANG_ANALYZER_NUMBER_OBJECT_CONVERSION = YES_AGGRESSIVE;
				CLANG_CXX_LANGUAGE_STANDARD = "gnu++20";
				CLANG_ENABLE_MODULES = YES;
				CLANG_ENABLE_OBJC_ARC = YES;
				CLANG_ENABLE_OBJC_WEAK = YES;
				CLANG_WARN_BLOCK_CAPTURE_AUTORELEASING = YES;
				CLANG_WARN_BOOL_CONVERSION = YES;
				CLANG_WARN_COMMA = YES;
				CLANG_WARN_CONSTANT_CONVERSION = YES;
				CLANG_WARN_DEPRECATED_OBJC_IMPLEMENTATIONS = YES;
				CLANG_WARN_DIRECT_OBJC_ISA_USAGE = YES_ERROR;
				CLANG_WARN_DOCUMENTATION_COMMENTS = YES;
				CLANG_WARN_EMPTY_BODY = YES;
				CLANG_WARN_ENUM_CONVERSION = YES;
				CLANG_WARN_INFINITE_RECURSION = YES;
				CLANG_WARN_INT_CONVERSION = YES;
				CLANG_WARN_NON_LITERAL_NULL_CONVERSION = YES;
				CLANG_WARN_OBJC_IMPLICIT_RETAIN_SELF = YES;
				CLANG_WARN_OBJC_LITERAL_CONVERSION = YES;
				CLANG_WARN_OBJC_ROOT_CLASS = YES_ERROR;
				CLANG_WARN_QUOTED_INCLUDE_IN_FRAMEWORK_HEADER = YES;
				CLANG_WARN_RANGE_LOOP_ANALYSIS = YES;
				CLANG_WARN_STRICT_PROTOTYPES = YES;
				CLANG_WARN_SUSPICIOUS_MOVE = YES;
				CLANG_WARN_UNGUARDED_AVAILABILITY = YES_AGGRESSIVE;
				CLANG_WARN_UNREACHABLE_CODE = YES;
				CLANG_WARN__DUPLICATE_METHOD_MATCH = YES;
				COPY_PHASE_STRIP = NO;
				DEBUG_INFORMATION_FORMAT = dwarf;
				ENABLE_STRICT_OBJC_MSGSEND = YES;
				ENABLE_TESTABILITY = YES;
				ENABLE_USER_SCRIPT_SANDBOXING = YES;
				GCC_C_LANGUAGE_STANDARD = gnu17;
				GCC_DYNAMIC_NO_PIC = NO;
				GCC_NO_COMMON_BLOCKS = YES;
				GCC_OPTIMIZATION_LEVEL = 0;
				GCC_PREPROCESSOR_DEFINITIONS = (
					"DEBUG=1",
					"$(inherited)",
				);
				GCC_WARN_64_TO_32_BIT_CONVERSION = YES;
				GCC_WARN_ABOUT_RETURN_TYPE = YES_ERROR;
				GCC_WARN_UNDECLARED_SELECTOR = YES;
				GCC_WARN_UNINITIALIZED_AUTOS = YES_AGGRESSIVE;
				GCC_WARN_UNUSED_FUNCTION = YES;
				GCC_WARN_UNUSED_VARIABLE = YES;
				IPHONEOS_DEPLOYMENT_TARGET = 17.0;
				LOCALIZATION_PREFERS_STRING_CATALOGS = YES;
				MTL_ENABLE_DEBUG_INFO = INCLUDE_SOURCE;
				MTL_FAST_MATH = YES;
				ONLY_ACTIVE_ARCH = YES;
				SDKROOT = iphoneos;
				SWIFT_ACTIVE_COMPILATION_CONDITIONS = "DEBUG $(inherited)";
				SWIFT_OPTIMIZATION_LEVEL = "-Onone";
			};
			name = Debug;
		};
		B211C2102BBB3C2A00C073EE /* Release */ = {
			isa = XCBuildConfiguration;
			buildSettings = {
				ALWAYS_SEARCH_USER_PATHS = NO;
				ASSETCATALOG_COMPILER_GENERATE_SWIFT_ASSET_SYMBOL_EXTENSIONS = YES;
				CLANG_ANALYZER_LOCALIZABILITY_NONLOCALIZED = YES;
				CLANG_ANALYZER_NONNULL = YES;
				CLANG_ANALYZER_NUMBER_OBJECT_CONVERSION = YES_AGGRESSIVE;
				CLANG_CXX_LANGUAGE_STANDARD = "gnu++20";
				CLANG_ENABLE_MODULES = YES;
				CLANG_ENABLE_OBJC_ARC = YES;
				CLANG_ENABLE_OBJC_WEAK = YES;
				CLANG_WARN_BLOCK_CAPTURE_AUTORELEASING = YES;
				CLANG_WARN_BOOL_CONVERSION = YES;
				CLANG_WARN_COMMA = YES;
				CLANG_WARN_CONSTANT_CONVERSION = YES;
				CLANG_WARN_DEPRECATED_OBJC_IMPLEMENTATIONS = YES;
				CLANG_WARN_DIRECT_OBJC_ISA_USAGE = YES_ERROR;
				CLANG_WARN_DOCUMENTATION_COMMENTS = YES;
				CLANG_WARN_EMPTY_BODY = YES;
				CLANG_WARN_ENUM_CONVERSION = YES;
				CLANG_WARN_INFINITE_RECURSION = YES;
				CLANG_WARN_INT_CONVERSION = YES;
				CLANG_WARN_NON_LITERAL_NULL_CONVERSION = YES;
				CLANG_WARN_OBJC_IMPLICIT_RETAIN_SELF = YES;
				CLANG_WARN_OBJC_LITERAL_CONVERSION = YES;
				CLANG_WARN_OBJC_ROOT_CLASS = YES_ERROR;
				CLANG_WARN_QUOTED_INCLUDE_IN_FRAMEWORK_HEADER = YES;
				CLANG_WARN_RANGE_LOOP_ANALYSIS = YES;
				CLANG_WARN_STRICT_PROTOTYPES = YES;
				CLANG_WARN_SUSPICIOUS_MOVE = YES;
				CLANG_WARN_UNGUARDED_AVAILABILITY = YES_AGGRESSIVE;
				CLANG_WARN_UNREACHABLE_CODE = YES;
				CLANG_WARN__DUPLICATE_METHOD_MATCH = YES;
				COPY_PHASE_STRIP = NO;
				DEBUG_INFORMATION_FORMAT = "dwarf-with-dsym";
				ENABLE_NS_ASSERTIONS = NO;
				ENABLE_STRICT_OBJC_MSGSEND = YES;
				ENABLE_USER_SCRIPT_SANDBOXING = YES;
				GCC_C_LANGUAGE_STANDARD = gnu17;
				GCC_NO_COMMON_BLOCKS = YES;
				GCC_WARN_64_TO_32_BIT_CONVERSION = YES;
				GCC_WARN_ABOUT_RETURN_TYPE = YES_ERROR;
				GCC_WARN_UNDECLARED_SELECTOR = YES;
				GCC_WARN_UNINITIALIZED_AUTOS = YES_AGGRESSIVE;
				GCC_WARN_UNUSED_FUNCTION = YES;
				GCC_WARN_UNUSED_VARIABLE = YES;
				IPHONEOS_DEPLOYMENT_TARGET = 17.0;
				LOCALIZATION_PREFERS_STRING_CATALOGS = YES;
				MTL_ENABLE_DEBUG_INFO = NO;
				MTL_FAST_MATH = YES;
				SDKROOT = iphoneos;
				SWIFT_COMPILATION_MODE = wholemodule;
				VALIDATE_PRODUCT = YES;
			};
			name = Release;
		};
		B211C2122BBB3C2A00C073EE /* Debug */ = {
			isa = XCBuildConfiguration;
			buildSettings = {
				ASSETCATALOG_COMPILER_APPICON_NAME = AppIcon;
				ASSETCATALOG_COMPILER_GLOBAL_ACCENT_COLOR_NAME = AccentColor;
				CODE_SIGN_STYLE = Automatic;
				CURRENT_PROJECT_VERSION = 1;
				DEVELOPMENT_TEAM = Y6VX64W3KZ;
				GENERATE_INFOPLIST_FILE = YES;
				INFOPLIST_FILE = Snapp/Info.plist;
				INFOPLIST_KEY_UIApplicationSupportsIndirectInputEvents = YES;
				INFOPLIST_KEY_UILaunchStoryboardName = LaunchScreen;
				INFOPLIST_KEY_UISupportedInterfaceOrientations = UIInterfaceOrientationPortrait;
				IPHONEOS_DEPLOYMENT_TARGET = 17.0;
				LD_RUNPATH_SEARCH_PATHS = (
					"$(inherited)",
					"@executable_path/Frameworks",
				);
				MARKETING_VERSION = 1.0;
				PRODUCT_BUNDLE_IDENTIFIER = ZhMks.Snapp;
				PRODUCT_NAME = "$(TARGET_NAME)";
				SUPPORTED_PLATFORMS = "iphoneos iphonesimulator";
				SUPPORTS_MACCATALYST = NO;
				SUPPORTS_MAC_DESIGNED_FOR_IPHONE_IPAD = NO;
				SUPPORTS_XR_DESIGNED_FOR_IPHONE_IPAD = NO;
				SWIFT_EMIT_LOC_STRINGS = YES;
				SWIFT_VERSION = 5.0;
				TARGETED_DEVICE_FAMILY = "1,2";
			};
			name = Debug;
		};
		B211C2132BBB3C2A00C073EE /* Release */ = {
			isa = XCBuildConfiguration;
			buildSettings = {
				ASSETCATALOG_COMPILER_APPICON_NAME = AppIcon;
				ASSETCATALOG_COMPILER_GLOBAL_ACCENT_COLOR_NAME = AccentColor;
				CODE_SIGN_STYLE = Automatic;
				CURRENT_PROJECT_VERSION = 1;
				DEVELOPMENT_TEAM = Y6VX64W3KZ;
				GENERATE_INFOPLIST_FILE = YES;
				INFOPLIST_FILE = Snapp/Info.plist;
				INFOPLIST_KEY_UIApplicationSupportsIndirectInputEvents = YES;
				INFOPLIST_KEY_UILaunchStoryboardName = LaunchScreen;
				INFOPLIST_KEY_UISupportedInterfaceOrientations = UIInterfaceOrientationPortrait;
				IPHONEOS_DEPLOYMENT_TARGET = 17.0;
				LD_RUNPATH_SEARCH_PATHS = (
					"$(inherited)",
					"@executable_path/Frameworks",
				);
				MARKETING_VERSION = 1.0;
				PRODUCT_BUNDLE_IDENTIFIER = ZhMks.Snapp;
				PRODUCT_NAME = "$(TARGET_NAME)";
				SUPPORTED_PLATFORMS = "iphoneos iphonesimulator";
				SUPPORTS_MACCATALYST = NO;
				SUPPORTS_MAC_DESIGNED_FOR_IPHONE_IPAD = NO;
				SUPPORTS_XR_DESIGNED_FOR_IPHONE_IPAD = NO;
				SWIFT_EMIT_LOC_STRINGS = YES;
				SWIFT_VERSION = 5.0;
				TARGETED_DEVICE_FAMILY = "1,2";
			};
			name = Release;
		};
		B211C2152BBB3C2A00C073EE /* Debug */ = {
			isa = XCBuildConfiguration;
			buildSettings = {
				ALWAYS_EMBED_SWIFT_STANDARD_LIBRARIES = YES;
				BUNDLE_LOADER = "$(TEST_HOST)";
				CODE_SIGN_STYLE = Automatic;
				CURRENT_PROJECT_VERSION = 1;
				DEVELOPMENT_TEAM = Y6VX64W3KZ;
				GENERATE_INFOPLIST_FILE = YES;
				IPHONEOS_DEPLOYMENT_TARGET = 17.4;
				MARKETING_VERSION = 1.0;
				PRODUCT_BUNDLE_IDENTIFIER = ZhMks.SnappTests;
				PRODUCT_NAME = "$(TARGET_NAME)";
				SWIFT_EMIT_LOC_STRINGS = NO;
				SWIFT_VERSION = 5.0;
				TARGETED_DEVICE_FAMILY = "1,2";
				TEST_HOST = "$(BUILT_PRODUCTS_DIR)/Snapp.app/$(BUNDLE_EXECUTABLE_FOLDER_PATH)/Snapp";
			};
			name = Debug;
		};
		B211C2162BBB3C2A00C073EE /* Release */ = {
			isa = XCBuildConfiguration;
			buildSettings = {
				ALWAYS_EMBED_SWIFT_STANDARD_LIBRARIES = YES;
				BUNDLE_LOADER = "$(TEST_HOST)";
				CODE_SIGN_STYLE = Automatic;
				CURRENT_PROJECT_VERSION = 1;
				DEVELOPMENT_TEAM = Y6VX64W3KZ;
				GENERATE_INFOPLIST_FILE = YES;
				IPHONEOS_DEPLOYMENT_TARGET = 17.4;
				MARKETING_VERSION = 1.0;
				PRODUCT_BUNDLE_IDENTIFIER = ZhMks.SnappTests;
				PRODUCT_NAME = "$(TARGET_NAME)";
				SWIFT_EMIT_LOC_STRINGS = NO;
				SWIFT_VERSION = 5.0;
				TARGETED_DEVICE_FAMILY = "1,2";
				TEST_HOST = "$(BUILT_PRODUCTS_DIR)/Snapp.app/$(BUNDLE_EXECUTABLE_FOLDER_PATH)/Snapp";
			};
			name = Release;
		};
		B211C2182BBB3C2A00C073EE /* Debug */ = {
			isa = XCBuildConfiguration;
			buildSettings = {
				ALWAYS_EMBED_SWIFT_STANDARD_LIBRARIES = YES;
				CODE_SIGN_STYLE = Automatic;
				CURRENT_PROJECT_VERSION = 1;
				DEVELOPMENT_TEAM = Y6VX64W3KZ;
				GENERATE_INFOPLIST_FILE = YES;
				MARKETING_VERSION = 1.0;
				PRODUCT_BUNDLE_IDENTIFIER = ZhMks.SnappUITests;
				PRODUCT_NAME = "$(TARGET_NAME)";
				SWIFT_EMIT_LOC_STRINGS = NO;
				SWIFT_VERSION = 5.0;
				TARGETED_DEVICE_FAMILY = "1,2";
				TEST_TARGET_NAME = Snapp;
			};
			name = Debug;
		};
		B211C2192BBB3C2A00C073EE /* Release */ = {
			isa = XCBuildConfiguration;
			buildSettings = {
				ALWAYS_EMBED_SWIFT_STANDARD_LIBRARIES = YES;
				CODE_SIGN_STYLE = Automatic;
				CURRENT_PROJECT_VERSION = 1;
				DEVELOPMENT_TEAM = Y6VX64W3KZ;
				GENERATE_INFOPLIST_FILE = YES;
				MARKETING_VERSION = 1.0;
				PRODUCT_BUNDLE_IDENTIFIER = ZhMks.SnappUITests;
				PRODUCT_NAME = "$(TARGET_NAME)";
				SWIFT_EMIT_LOC_STRINGS = NO;
				SWIFT_VERSION = 5.0;
				TARGETED_DEVICE_FAMILY = "1,2";
				TEST_TARGET_NAME = Snapp;
			};
			name = Release;
		};
/* End XCBuildConfiguration section */

/* Begin XCConfigurationList section */
		B211C1DF2BBB3C2900C073EE /* Build configuration list for PBXProject "Snapp" */ = {
			isa = XCConfigurationList;
			buildConfigurations = (
				B211C20F2BBB3C2A00C073EE /* Debug */,
				B211C2102BBB3C2A00C073EE /* Release */,
			);
			defaultConfigurationIsVisible = 0;
			defaultConfigurationName = Release;
		};
		B211C2112BBB3C2A00C073EE /* Build configuration list for PBXNativeTarget "Snapp" */ = {
			isa = XCConfigurationList;
			buildConfigurations = (
				B211C2122BBB3C2A00C073EE /* Debug */,
				B211C2132BBB3C2A00C073EE /* Release */,
			);
			defaultConfigurationIsVisible = 0;
			defaultConfigurationName = Release;
		};
		B211C2142BBB3C2A00C073EE /* Build configuration list for PBXNativeTarget "SnappTests" */ = {
			isa = XCConfigurationList;
			buildConfigurations = (
				B211C2152BBB3C2A00C073EE /* Debug */,
				B211C2162BBB3C2A00C073EE /* Release */,
			);
			defaultConfigurationIsVisible = 0;
			defaultConfigurationName = Release;
		};
		B211C2172BBB3C2A00C073EE /* Build configuration list for PBXNativeTarget "SnappUITests" */ = {
			isa = XCConfigurationList;
			buildConfigurations = (
				B211C2182BBB3C2A00C073EE /* Debug */,
				B211C2192BBB3C2A00C073EE /* Release */,
			);
			defaultConfigurationIsVisible = 0;
			defaultConfigurationName = Release;
		};
/* End XCConfigurationList section */

/* Begin XCRemoteSwiftPackageReference section */
		B211C2242BBC0F3000C073EE /* XCRemoteSwiftPackageReference "firebase-ios-sdk" */ = {
			isa = XCRemoteSwiftPackageReference;
			repositoryURL = "https://github.com/firebase/firebase-ios-sdk.git";
			requirement = {
				kind = upToNextMajorVersion;
				minimumVersion = 10.23.1;
			};
		};
/* End XCRemoteSwiftPackageReference section */

/* Begin XCSwiftPackageProductDependency section */
		B211C2252BBC0F3000C073EE /* FirebaseAnalytics */ = {
			isa = XCSwiftPackageProductDependency;
			package = B211C2242BBC0F3000C073EE /* XCRemoteSwiftPackageReference "firebase-ios-sdk" */;
			productName = FirebaseAnalytics;
		};
		B211C2272BBC0F3000C073EE /* FirebaseAnalyticsOnDeviceConversion */ = {
			isa = XCSwiftPackageProductDependency;
			package = B211C2242BBC0F3000C073EE /* XCRemoteSwiftPackageReference "firebase-ios-sdk" */;
			productName = FirebaseAnalyticsOnDeviceConversion;
		};
		B211C2292BBC0F3000C073EE /* FirebaseAnalyticsSwift */ = {
			isa = XCSwiftPackageProductDependency;
			package = B211C2242BBC0F3000C073EE /* XCRemoteSwiftPackageReference "firebase-ios-sdk" */;
			productName = FirebaseAnalyticsSwift;
		};
		B211C22B2BBC0F3000C073EE /* FirebaseAnalyticsWithoutAdIdSupport */ = {
			isa = XCSwiftPackageProductDependency;
			package = B211C2242BBC0F3000C073EE /* XCRemoteSwiftPackageReference "firebase-ios-sdk" */;
			productName = FirebaseAnalyticsWithoutAdIdSupport;
		};
		B211C22D2BBC0F3000C073EE /* FirebaseAppCheck */ = {
			isa = XCSwiftPackageProductDependency;
			package = B211C2242BBC0F3000C073EE /* XCRemoteSwiftPackageReference "firebase-ios-sdk" */;
			productName = FirebaseAppCheck;
		};
		B211C22F2BBC0F3000C073EE /* FirebaseAppDistribution-Beta */ = {
			isa = XCSwiftPackageProductDependency;
			package = B211C2242BBC0F3000C073EE /* XCRemoteSwiftPackageReference "firebase-ios-sdk" */;
			productName = "FirebaseAppDistribution-Beta";
		};
		B211C2312BBC0F3000C073EE /* FirebaseAuth */ = {
			isa = XCSwiftPackageProductDependency;
			package = B211C2242BBC0F3000C073EE /* XCRemoteSwiftPackageReference "firebase-ios-sdk" */;
			productName = FirebaseAuth;
		};
		B211C2332BBC0F3000C073EE /* FirebaseAuthCombine-Community */ = {
			isa = XCSwiftPackageProductDependency;
			package = B211C2242BBC0F3000C073EE /* XCRemoteSwiftPackageReference "firebase-ios-sdk" */;
			productName = "FirebaseAuthCombine-Community";
		};
		B211C2352BBC0F3000C073EE /* FirebaseCrashlytics */ = {
			isa = XCSwiftPackageProductDependency;
			package = B211C2242BBC0F3000C073EE /* XCRemoteSwiftPackageReference "firebase-ios-sdk" */;
			productName = FirebaseCrashlytics;
		};
		B211C2372BBC0F3000C073EE /* FirebaseDatabase */ = {
			isa = XCSwiftPackageProductDependency;
			package = B211C2242BBC0F3000C073EE /* XCRemoteSwiftPackageReference "firebase-ios-sdk" */;
			productName = FirebaseDatabase;
		};
		B211C2392BBC0F3000C073EE /* FirebaseDatabaseSwift */ = {
			isa = XCSwiftPackageProductDependency;
			package = B211C2242BBC0F3000C073EE /* XCRemoteSwiftPackageReference "firebase-ios-sdk" */;
			productName = FirebaseDatabaseSwift;
		};
		B211C23B2BBC0F3000C073EE /* FirebaseDynamicLinks */ = {
			isa = XCSwiftPackageProductDependency;
			package = B211C2242BBC0F3000C073EE /* XCRemoteSwiftPackageReference "firebase-ios-sdk" */;
			productName = FirebaseDynamicLinks;
		};
		B211C23D2BBC0F3000C073EE /* FirebaseFirestore */ = {
			isa = XCSwiftPackageProductDependency;
			package = B211C2242BBC0F3000C073EE /* XCRemoteSwiftPackageReference "firebase-ios-sdk" */;
			productName = FirebaseFirestore;
		};
		B211C23F2BBC0F3000C073EE /* FirebaseFirestoreCombine-Community */ = {
			isa = XCSwiftPackageProductDependency;
			package = B211C2242BBC0F3000C073EE /* XCRemoteSwiftPackageReference "firebase-ios-sdk" */;
			productName = "FirebaseFirestoreCombine-Community";
		};
		B211C2412BBC0F3000C073EE /* FirebaseFirestoreSwift */ = {
			isa = XCSwiftPackageProductDependency;
			package = B211C2242BBC0F3000C073EE /* XCRemoteSwiftPackageReference "firebase-ios-sdk" */;
			productName = FirebaseFirestoreSwift;
		};
		B211C2432BBC0F3000C073EE /* FirebaseFunctions */ = {
			isa = XCSwiftPackageProductDependency;
			package = B211C2242BBC0F3000C073EE /* XCRemoteSwiftPackageReference "firebase-ios-sdk" */;
			productName = FirebaseFunctions;
		};
		B211C2452BBC0F3000C073EE /* FirebaseFunctionsCombine-Community */ = {
			isa = XCSwiftPackageProductDependency;
			package = B211C2242BBC0F3000C073EE /* XCRemoteSwiftPackageReference "firebase-ios-sdk" */;
			productName = "FirebaseFunctionsCombine-Community";
		};
		B211C2472BBC0F3000C073EE /* FirebaseInAppMessaging-Beta */ = {
			isa = XCSwiftPackageProductDependency;
			package = B211C2242BBC0F3000C073EE /* XCRemoteSwiftPackageReference "firebase-ios-sdk" */;
			productName = "FirebaseInAppMessaging-Beta";
		};
		B211C2492BBC0F3000C073EE /* FirebaseInAppMessagingSwift-Beta */ = {
			isa = XCSwiftPackageProductDependency;
			package = B211C2242BBC0F3000C073EE /* XCRemoteSwiftPackageReference "firebase-ios-sdk" */;
			productName = "FirebaseInAppMessagingSwift-Beta";
		};
		B211C24B2BBC0F3000C073EE /* FirebaseInstallations */ = {
			isa = XCSwiftPackageProductDependency;
			package = B211C2242BBC0F3000C073EE /* XCRemoteSwiftPackageReference "firebase-ios-sdk" */;
			productName = FirebaseInstallations;
		};
		B211C24D2BBC0F3000C073EE /* FirebaseMLModelDownloader */ = {
			isa = XCSwiftPackageProductDependency;
			package = B211C2242BBC0F3000C073EE /* XCRemoteSwiftPackageReference "firebase-ios-sdk" */;
			productName = FirebaseMLModelDownloader;
		};
		B211C24F2BBC0F3000C073EE /* FirebaseMessaging */ = {
			isa = XCSwiftPackageProductDependency;
			package = B211C2242BBC0F3000C073EE /* XCRemoteSwiftPackageReference "firebase-ios-sdk" */;
			productName = FirebaseMessaging;
		};
		B211C2512BBC0F3000C073EE /* FirebasePerformance */ = {
			isa = XCSwiftPackageProductDependency;
			package = B211C2242BBC0F3000C073EE /* XCRemoteSwiftPackageReference "firebase-ios-sdk" */;
			productName = FirebasePerformance;
		};
		B211C2532BBC0F3000C073EE /* FirebaseRemoteConfig */ = {
			isa = XCSwiftPackageProductDependency;
			package = B211C2242BBC0F3000C073EE /* XCRemoteSwiftPackageReference "firebase-ios-sdk" */;
			productName = FirebaseRemoteConfig;
		};
		B211C2552BBC0F3000C073EE /* FirebaseRemoteConfigSwift */ = {
			isa = XCSwiftPackageProductDependency;
			package = B211C2242BBC0F3000C073EE /* XCRemoteSwiftPackageReference "firebase-ios-sdk" */;
			productName = FirebaseRemoteConfigSwift;
		};
		B211C2572BBC0F3000C073EE /* FirebaseStorage */ = {
			isa = XCSwiftPackageProductDependency;
			package = B211C2242BBC0F3000C073EE /* XCRemoteSwiftPackageReference "firebase-ios-sdk" */;
			productName = FirebaseStorage;
		};
		B211C2592BBC0F3000C073EE /* FirebaseStorageCombine-Community */ = {
			isa = XCSwiftPackageProductDependency;
			package = B211C2242BBC0F3000C073EE /* XCRemoteSwiftPackageReference "firebase-ios-sdk" */;
			productName = "FirebaseStorageCombine-Community";
		};
/* End XCSwiftPackageProductDependency section */

/* Begin XCVersionGroup section */
		B209E6392BC560770067D751 /* UserModel.xcdatamodeld */ = {
			isa = XCVersionGroup;
			children = (
				B209E63A2BC560770067D751 /* UserModel.xcdatamodel */,
			);
			currentVersion = B209E63A2BC560770067D751 /* UserModel.xcdatamodel */;
			name = UserModel.xcdatamodeld;
			path = /Users/makszh/Desktop/Snapp/UserModel.xcdatamodeld;
			sourceTree = "<group>";
			versionGroupType = wrapper.xcdatamodel;
		};
		B211C1F02BBB3C2900C073EE /* Snapp.xcdatamodeld */ = {
			isa = XCVersionGroup;
			children = (
				B211C1F12BBB3C2900C073EE /* Snapp.xcdatamodel */,
			);
			currentVersion = B211C1F12BBB3C2900C073EE /* Snapp.xcdatamodel */;
			path = Snapp.xcdatamodeld;
			sourceTree = "<group>";
			versionGroupType = wrapper.xcdatamodel;
		};
/* End XCVersionGroup section */
	};
	rootObject = B211C1DC2BBB3C2900C073EE /* Project object */;
}
